// !$*UTF8*$!
{
	archiveVersion = 1;
	classes = {
	};
	objectVersion = 48;
	objects = {

/* Begin PBXBuildFile section */
		8438F7A021308D6500FB930F /* AppDelegate.swift in Sources */ = {isa = PBXBuildFile; fileRef = 8438F79F21308D6500FB930F /* AppDelegate.swift */; };
		8438F7A221308D6500FB930F /* FirstViewController.swift in Sources */ = {isa = PBXBuildFile; fileRef = 8438F7A121308D6500FB930F /* FirstViewController.swift */; };
		8438F7A421308D6500FB930F /* SecondViewController.swift in Sources */ = {isa = PBXBuildFile; fileRef = 8438F7A321308D6500FB930F /* SecondViewController.swift */; };
		8438F7A721308D6500FB930F /* Main.storyboard in Resources */ = {isa = PBXBuildFile; fileRef = 8438F7A521308D6500FB930F /* Main.storyboard */; };
		8438F7A921308D6500FB930F /* Assets.xcassets in Resources */ = {isa = PBXBuildFile; fileRef = 8438F7A821308D6500FB930F /* Assets.xcassets */; };
		8438F7AC21308D6500FB930F /* LaunchScreen.storyboard in Resources */ = {isa = PBXBuildFile; fileRef = 8438F7AA21308D6500FB930F /* LaunchScreen.storyboard */; };
		8438F7B721308D6600FB930F /* DittytzTests.swift in Sources */ = {isa = PBXBuildFile; fileRef = 8438F7B621308D6600FB930F /* DittytzTests.swift */; };
		8438F7C221308D6600FB930F /* DittytzUITests.swift in Sources */ = {isa = PBXBuildFile; fileRef = 8438F7C121308D6600FB930F /* DittytzUITests.swift */; };
/* End PBXBuildFile section */

/* Begin PBXContainerItemProxy section */
		8438F7B321308D6600FB930F /* PBXContainerItemProxy */ = {
			isa = PBXContainerItemProxy;
			containerPortal = 8438F79421308D6500FB930F /* Project object */;
			proxyType = 1;
			remoteGlobalIDString = 8438F79B21308D6500FB930F;
			remoteInfo = Dittytz;
		};
		8438F7BE21308D6600FB930F /* PBXContainerItemProxy */ = {
			isa = PBXContainerItemProxy;
			containerPortal = 8438F79421308D6500FB930F /* Project object */;
			proxyType = 1;
			remoteGlobalIDString = 8438F79B21308D6500FB930F;
			remoteInfo = Dittytz;
		};
/* End PBXContainerItemProxy section */

/* Begin PBXFileReference section */
		8438F79C21308D6500FB930F /* Dittytz.app */ = {isa = PBXFileReference; explicitFileType = wrapper.application; includeInIndex = 0; path = Dittytz.app; sourceTree = BUILT_PRODUCTS_DIR; };
		8438F79F21308D6500FB930F /* AppDelegate.swift */ = {isa = PBXFileReference; lastKnownFileType = sourcecode.swift; path = AppDelegate.swift; sourceTree = "<group>"; };
		8438F7A121308D6500FB930F /* FirstViewController.swift */ = {isa = PBXFileReference; lastKnownFileType = sourcecode.swift; path = FirstViewController.swift; sourceTree = "<group>"; };
		8438F7A321308D6500FB930F /* SecondViewController.swift */ = {isa = PBXFileReference; lastKnownFileType = sourcecode.swift; path = SecondViewController.swift; sourceTree = "<group>"; };
		8438F7A621308D6500FB930F /* Base */ = {isa = PBXFileReference; lastKnownFileType = file.storyboard; name = Base; path = Base.lproj/Main.storyboard; sourceTree = "<group>"; };
		8438F7A821308D6500FB930F /* Assets.xcassets */ = {isa = PBXFileReference; lastKnownFileType = folder.assetcatalog; path = Assets.xcassets; sourceTree = "<group>"; };
		8438F7AB21308D6500FB930F /* Base */ = {isa = PBXFileReference; lastKnownFileType = file.storyboard; name = Base; path = Base.lproj/LaunchScreen.storyboard; sourceTree = "<group>"; };
		8438F7AD21308D6500FB930F /* Info.plist */ = {isa = PBXFileReference; lastKnownFileType = text.plist.xml; path = Info.plist; sourceTree = "<group>"; };
		8438F7B221308D6600FB930F /* DittytzTests.xctest */ = {isa = PBXFileReference; explicitFileType = wrapper.cfbundle; includeInIndex = 0; path = DittytzTests.xctest; sourceTree = BUILT_PRODUCTS_DIR; };
		8438F7B621308D6600FB930F /* DittytzTests.swift */ = {isa = PBXFileReference; lastKnownFileType = sourcecode.swift; path = DittytzTests.swift; sourceTree = "<group>"; };
		8438F7B821308D6600FB930F /* Info.plist */ = {isa = PBXFileReference; lastKnownFileType = text.plist.xml; path = Info.plist; sourceTree = "<group>"; };
		8438F7BD21308D6600FB930F /* DittytzUITests.xctest */ = {isa = PBXFileReference; explicitFileType = wrapper.cfbundle; includeInIndex = 0; path = DittytzUITests.xctest; sourceTree = BUILT_PRODUCTS_DIR; };
		8438F7C121308D6600FB930F /* DittytzUITests.swift */ = {isa = PBXFileReference; lastKnownFileType = sourcecode.swift; path = DittytzUITests.swift; sourceTree = "<group>"; };
		8438F7C321308D6600FB930F /* Info.plist */ = {isa = PBXFileReference; lastKnownFileType = text.plist.xml; path = Info.plist; sourceTree = "<group>"; };
/* End PBXFileReference section */

/* Begin PBXFrameworksBuildPhase section */
		8438F79921308D6500FB930F /* Frameworks */ = {
			isa = PBXFrameworksBuildPhase;
			buildActionMask = 2147483647;
			files = (
			);
			runOnlyForDeploymentPostprocessing = 0;
		};
		8438F7AF21308D6600FB930F /* Frameworks */ = {
			isa = PBXFrameworksBuildPhase;
			buildActionMask = 2147483647;
			files = (
			);
			runOnlyForDeploymentPostprocessing = 0;
		};
		8438F7BA21308D6600FB930F /* Frameworks */ = {
			isa = PBXFrameworksBuildPhase;
			buildActionMask = 2147483647;
			files = (
			);
			runOnlyForDeploymentPostprocessing = 0;
		};
/* End PBXFrameworksBuildPhase section */

/* Begin PBXGroup section */
		8438F79321308D6500FB930F = {
			isa = PBXGroup;
			children = (
				8438F79E21308D6500FB930F /* Dittytz */,
				8438F7B521308D6600FB930F /* DittytzTests */,
				8438F7C021308D6600FB930F /* DittytzUITests */,
				8438F79D21308D6500FB930F /* Products */,
			);
			sourceTree = "<group>";
		};
		8438F79D21308D6500FB930F /* Products */ = {
			isa = PBXGroup;
			children = (
				8438F79C21308D6500FB930F /* Dittytz.app */,
				8438F7B221308D6600FB930F /* DittytzTests.xctest */,
				8438F7BD21308D6600FB930F /* DittytzUITests.xctest */,
			);
			name = Products;
			sourceTree = "<group>";
		};
		8438F79E21308D6500FB930F /* Dittytz */ = {
			isa = PBXGroup;
			children = (
				8438F79F21308D6500FB930F /* AppDelegate.swift */,
				8438F7A121308D6500FB930F /* FirstViewController.swift */,
				8438F7A321308D6500FB930F /* SecondViewController.swift */,
				8438F7A521308D6500FB930F /* Main.storyboard */,
				8438F7A821308D6500FB930F /* Assets.xcassets */,
				8438F7AA21308D6500FB930F /* LaunchScreen.storyboard */,
				8438F7AD21308D6500FB930F /* Info.plist */,
			);
			path = Dittytz;
			sourceTree = "<group>";
		};
		8438F7B521308D6600FB930F /* DittytzTests */ = {
			isa = PBXGroup;
			children = (
				8438F7B621308D6600FB930F /* DittytzTests.swift */,
				8438F7B821308D6600FB930F /* Info.plist */,
			);
			path = DittytzTests;
			sourceTree = "<group>";
		};
		8438F7C021308D6600FB930F /* DittytzUITests */ = {
			isa = PBXGroup;
			children = (
				8438F7C121308D6600FB930F /* DittytzUITests.swift */,
				8438F7C321308D6600FB930F /* Info.plist */,
			);
			path = DittytzUITests;
			sourceTree = "<group>";
		};
/* End PBXGroup section */

/* Begin PBXNativeTarget section */
		8438F79B21308D6500FB930F /* Dittytz */ = {
			isa = PBXNativeTarget;
			buildConfigurationList = 8438F7C621308D6600FB930F /* Build configuration list for PBXNativeTarget "Dittytz" */;
			buildPhases = (
				8438F79821308D6500FB930F /* Sources */,
				8438F79921308D6500FB930F /* Frameworks */,
				8438F79A21308D6500FB930F /* Resources */,
			);
			buildRules = (
			);
			dependencies = (
			);
			name = Dittytz;
			productName = Dittytz;
			productReference = 8438F79C21308D6500FB930F /* Dittytz.app */;
			productType = "com.apple.product-type.application";
		};
		8438F7B121308D6600FB930F /* DittytzTests */ = {
			isa = PBXNativeTarget;
			buildConfigurationList = 8438F7C921308D6600FB930F /* Build configuration list for PBXNativeTarget "DittytzTests" */;
			buildPhases = (
				8438F7AE21308D6600FB930F /* Sources */,
				8438F7AF21308D6600FB930F /* Frameworks */,
				8438F7B021308D6600FB930F /* Resources */,
			);
			buildRules = (
			);
			dependencies = (
				8438F7B421308D6600FB930F /* PBXTargetDependency */,
			);
			name = DittytzTests;
			productName = DittytzTests;
			productReference = 8438F7B221308D6600FB930F /* DittytzTests.xctest */;
			productType = "com.apple.product-type.bundle.unit-test";
		};
		8438F7BC21308D6600FB930F /* DittytzUITests */ = {
			isa = PBXNativeTarget;
			buildConfigurationList = 8438F7CC21308D6600FB930F /* Build configuration list for PBXNativeTarget "DittytzUITests" */;
			buildPhases = (
				8438F7B921308D6600FB930F /* Sources */,
				8438F7BA21308D6600FB930F /* Frameworks */,
				8438F7BB21308D6600FB930F /* Resources */,
			);
			buildRules = (
			);
			dependencies = (
				8438F7BF21308D6600FB930F /* PBXTargetDependency */,
			);
			name = DittytzUITests;
			productName = DittytzUITests;
			productReference = 8438F7BD21308D6600FB930F /* DittytzUITests.xctest */;
			productType = "com.apple.product-type.bundle.ui-testing";
		};
/* End PBXNativeTarget section */

/* Begin PBXProject section */
		8438F79421308D6500FB930F /* Project object */ = {
			isa = PBXProject;
			attributes = {
				LastSwiftUpdateCheck = 0920;
				LastUpgradeCheck = 0920;
				ORGANIZATIONNAME = admin;
				TargetAttributes = {
					8438F79B21308D6500FB930F = {
						CreatedOnToolsVersion = 9.2;
						ProvisioningStyle = Automatic;
					};
					8438F7B121308D6600FB930F = {
						CreatedOnToolsVersion = 9.2;
						ProvisioningStyle = Automatic;
						TestTargetID = 8438F79B21308D6500FB930F;
					};
					8438F7BC21308D6600FB930F = {
						CreatedOnToolsVersion = 9.2;
						ProvisioningStyle = Automatic;
						TestTargetID = 8438F79B21308D6500FB930F;
					};
				};
			};
			buildConfigurationList = 8438F79721308D6500FB930F /* Build configuration list for PBXProject "Dittytz" */;
			compatibilityVersion = "Xcode 8.0";
			developmentRegion = en;
			hasScannedForEncodings = 0;
			knownRegions = (
				en,
				Base,
			);
			mainGroup = 8438F79321308D6500FB930F;
			productRefGroup = 8438F79D21308D6500FB930F /* Products */;
			projectDirPath = "";
			projectRoot = "";
			targets = (
				8438F79B21308D6500FB930F /* Dittytz */,
				8438F7B121308D6600FB930F /* DittytzTests */,
				8438F7BC21308D6600FB930F /* DittytzUITests */,
			);
		};
/* End PBXProject section */

/* Begin PBXResourcesBuildPhase section */
		8438F79A21308D6500FB930F /* Resources */ = {
			isa = PBXResourcesBuildPhase;
			buildActionMask = 2147483647;
			files = (
				8438F7AC21308D6500FB930F /* LaunchScreen.storyboard in Resources */,
				8438F7A921308D6500FB930F /* Assets.xcassets in Resources */,
				8438F7A721308D6500FB930F /* Main.storyboard in Resources */,
			);
			runOnlyForDeploymentPostprocessing = 0;
		};
		8438F7B021308D6600FB930F /* Resources */ = {
			isa = PBXResourcesBuildPhase;
			buildActionMask = 2147483647;
			files = (
			);
			runOnlyForDeploymentPostprocessing = 0;
		};
		8438F7BB21308D6600FB930F /* Resources */ = {
			isa = PBXResourcesBuildPhase;
			buildActionMask = 2147483647;
			files = (
			);
			runOnlyForDeploymentPostprocessing = 0;
		};
/* End PBXResourcesBuildPhase section */

/* Begin PBXSourcesBuildPhase section */
		8438F79821308D6500FB930F /* Sources */ = {
			isa = PBXSourcesBuildPhase;
			buildActionMask = 2147483647;
			files = (
				8438F7A421308D6500FB930F /* SecondViewController.swift in Sources */,
				8438F7A021308D6500FB930F /* AppDelegate.swift in Sources */,
				8438F7A221308D6500FB930F /* FirstViewController.swift in Sources */,
			);
			runOnlyForDeploymentPostprocessing = 0;
		};
		8438F7AE21308D6600FB930F /* Sources */ = {
			isa = PBXSourcesBuildPhase;
			buildActionMask = 2147483647;
			files = (
				8438F7B721308D6600FB930F /* DittytzTests.swift in Sources */,
			);
			runOnlyForDeploymentPostprocessing = 0;
		};
		8438F7B921308D6600FB930F /* Sources */ = {
			isa = PBXSourcesBuildPhase;
			buildActionMask = 2147483647;
			files = (
				8438F7C221308D6600FB930F /* DittytzUITests.swift in Sources */,
			);
			runOnlyForDeploymentPostprocessing = 0;
		};
/* End PBXSourcesBuildPhase section */

/* Begin PBXTargetDependency section */
		8438F7B421308D6600FB930F /* PBXTargetDependency */ = {
			isa = PBXTargetDependency;
			target = 8438F79B21308D6500FB930F /* Dittytz */;
			targetProxy = 8438F7B321308D6600FB930F /* PBXContainerItemProxy */;
		};
		8438F7BF21308D6600FB930F /* PBXTargetDependency */ = {
			isa = PBXTargetDependency;
			target = 8438F79B21308D6500FB930F /* Dittytz */;
			targetProxy = 8438F7BE21308D6600FB930F /* PBXContainerItemProxy */;
		};
/* End PBXTargetDependency section */

/* Begin PBXVariantGroup section */
		8438F7A521308D6500FB930F /* Main.storyboard */ = {
			isa = PBXVariantGroup;
			children = (
				8438F7A621308D6500FB930F /* Base */,
			);
			name = Main.storyboard;
			sourceTree = "<group>";
		};
		8438F7AA21308D6500FB930F /* LaunchScreen.storyboard */ = {
			isa = PBXVariantGroup;
			children = (
				8438F7AB21308D6500FB930F /* Base */,
			);
			name = LaunchScreen.storyboard;
			sourceTree = "<group>";
		};
/* End PBXVariantGroup section */

/* Begin XCBuildConfiguration section */
		8438F7C421308D6600FB930F /* Debug */ = {
			isa = XCBuildConfiguration;
			buildSettings = {
				ALWAYS_SEARCH_USER_PATHS = NO;
				CLANG_ANALYZER_NONNULL = YES;
				CLANG_ANALYZER_NUMBER_OBJECT_CONVERSION = YES_AGGRESSIVE;
				CLANG_CXX_LANGUAGE_STANDARD = "gnu++14";
				CLANG_CXX_LIBRARY = "libc++";
				CLANG_ENABLE_MODULES = YES;
				CLANG_ENABLE_OBJC_ARC = YES;
				CLANG_WARN_BLOCK_CAPTURE_AUTORELEASING = YES;
				CLANG_WARN_BOOL_CONVERSION = YES;
				CLANG_WARN_COMMA = YES;
				CLANG_WARN_CONSTANT_CONVERSION = YES;
				CLANG_WARN_DIRECT_OBJC_ISA_USAGE = YES_ERROR;
				CLANG_WARN_DOCUMENTATION_COMMENTS = YES;
				CLANG_WARN_EMPTY_BODY = YES;
				CLANG_WARN_ENUM_CONVERSION = YES;
				CLANG_WARN_INFINITE_RECURSION = YES;
				CLANG_WARN_INT_CONVERSION = YES;
				CLANG_WARN_NON_LITERAL_NULL_CONVERSION = YES;
				CLANG_WARN_OBJC_LITERAL_CONVERSION = YES;
				CLANG_WARN_OBJC_ROOT_CLASS = YES_ERROR;
				CLANG_WARN_RANGE_LOOP_ANALYSIS = YES;
				CLANG_WARN_STRICT_PROTOTYPES = YES;
				CLANG_WARN_SUSPICIOUS_MOVE = YES;
				CLANG_WARN_UNGUARDED_AVAILABILITY = YES_AGGRESSIVE;
				CLANG_WARN_UNREACHABLE_CODE = YES;
				CLANG_WARN__DUPLICATE_METHOD_MATCH = YES;
				CODE_SIGN_IDENTITY = "iPhone Developer";
				COPY_PHASE_STRIP = NO;
				DEBUG_INFORMATION_FORMAT = dwarf;
				ENABLE_STRICT_OBJC_MSGSEND = YES;
				ENABLE_TESTABILITY = YES;
				GCC_C_LANGUAGE_STANDARD = gnu11;
				GCC_DYNAMIC_NO_PIC = NO;
				GCC_NO_COMMON_BLOCKS = YES;
				GCC_OPTIMIZATION_LEVEL = 0;
				GCC_PREPROCESSOR_DEFINITIONS = (
					"DEBUG=1",
					"$(inherited)",
				);
				GCC_WARN_64_TO_32_BIT_CONVERSION = YES;
				GCC_WARN_ABOUT_RETURN_TYPE = YES_ERROR;
				GCC_WARN_UNDECLARED_SELECTOR = YES;
				GCC_WARN_UNINITIALIZED_AUTOS = YES_AGGRESSIVE;
				GCC_WARN_UNUSED_FUNCTION = YES;
				GCC_WARN_UNUSED_VARIABLE = YES;
				IPHONEOS_DEPLOYMENT_TARGET = 11.2;
				MTL_ENABLE_DEBUG_INFO = YES;
				ONLY_ACTIVE_ARCH = YES;
				SDKROOT = iphoneos;
				SWIFT_ACTIVE_COMPILATION_CONDITIONS = DEBUG;
				SWIFT_OPTIMIZATION_LEVEL = "-Onone";
			};
			name = Debug;
		};
		8438F7C521308D6600FB930F /* Release */ = {
			isa = XCBuildConfiguration;
			buildSettings = {
				ALWAYS_SEARCH_USER_PATHS = NO;
				CLANG_ANALYZER_NONNULL = YES;
				CLANG_ANALYZER_NUMBER_OBJECT_CONVERSION = YES_AGGRESSIVE;
				CLANG_CXX_LANGUAGE_STANDARD = "gnu++14";
				CLANG_CXX_LIBRARY = "libc++";
				CLANG_ENABLE_MODULES = YES;
				CLANG_ENABLE_OBJC_ARC = YES;
				CLANG_WARN_BLOCK_CAPTURE_AUTORELEASING = YES;
				CLANG_WARN_BOOL_CONVERSION = YES;
				CLANG_WARN_COMMA = YES;
				CLANG_WARN_CONSTANT_CONVERSION = YES;
				CLANG_WARN_DIRECT_OBJC_ISA_USAGE = YES_ERROR;
				CLANG_WARN_DOCUMENTATION_COMMENTS = YES;
				CLANG_WARN_EMPTY_BODY = YES;
				CLANG_WARN_ENUM_CONVERSION = YES;
				CLANG_WARN_INFINITE_RECURSION = YES;
				CLANG_WARN_INT_CONVERSION = YES;
				CLANG_WARN_NON_LITERAL_NULL_CONVERSION = YES;
				CLANG_WARN_OBJC_LITERAL_CONVERSION = YES;
				CLANG_WARN_OBJC_ROOT_CLASS = YES_ERROR;
				CLANG_WARN_RANGE_LOOP_ANALYSIS = YES;
				CLANG_WARN_STRICT_PROTOTYPES = YES;
				CLANG_WARN_SUSPICIOUS_MOVE = YES;
				CLANG_WARN_UNGUARDED_AVAILABILITY = YES_AGGRESSIVE;
				CLANG_WARN_UNREACHABLE_CODE = YES;
				CLANG_WARN__DUPLICATE_METHOD_MATCH = YES;
				CODE_SIGN_IDENTITY = "iPhone Developer";
				COPY_PHASE_STRIP = NO;
				DEBUG_INFORMATION_FORMAT = "dwarf-with-dsym";
				ENABLE_NS_ASSERTIONS = NO;
				ENABLE_STRICT_OBJC_MSGSEND = YES;
				GCC_C_LANGUAGE_STANDARD = gnu11;
				GCC_NO_COMMON_BLOCKS = YES;
				GCC_WARN_64_TO_32_BIT_CONVERSION = YES;
				GCC_WARN_ABOUT_RETURN_TYPE = YES_ERROR;
				GCC_WARN_UNDECLARED_SELECTOR = YES;
				GCC_WARN_UNINITIALIZED_AUTOS = YES_AGGRESSIVE;
				GCC_WARN_UNUSED_FUNCTION = YES;
				GCC_WARN_UNUSED_VARIABLE = YES;
				IPHONEOS_DEPLOYMENT_TARGET = 11.2;
				MTL_ENABLE_DEBUG_INFO = NO;
				SDKROOT = iphoneos;
				SWIFT_OPTIMIZATION_LEVEL = "-Owholemodule";
				VALIDATE_PRODUCT = YES;
			};
			name = Release;
		};
		8438F7C721308D6600FB930F /* Debug */ = {
			isa = XCBuildConfiguration;
			buildSettings = {
				ASSETCATALOG_COMPILER_APPICON_NAME = AppIcon;
				CODE_SIGN_STYLE = Automatic;
				INFOPLIST_FILE = Dittytz/Info.plist;
				LD_RUNPATH_SEARCH_PATHS = "$(inherited) @executable_path/Frameworks";
				PRODUCT_BUNDLE_IDENTIFIER = com.Dittytz;
				PRODUCT_NAME = "$(TARGET_NAME)";
				SWIFT_VERSION = 4.0;
				TARGETED_DEVICE_FAMILY = "1,2";
			};
			name = Debug;
		};
		8438F7C821308D6600FB930F /* Release */ = {
			isa = XCBuildConfiguration;
			buildSettings = {
				ASSETCATALOG_COMPILER_APPICON_NAME = AppIcon;
				CODE_SIGN_STYLE = Automatic;
				INFOPLIST_FILE = Dittytz/Info.plist;
				LD_RUNPATH_SEARCH_PATHS = "$(inherited) @executable_path/Frameworks";
				PRODUCT_BUNDLE_IDENTIFIER = com.Dittytz;
				PRODUCT_NAME = "$(TARGET_NAME)";
				SWIFT_VERSION = 4.0;
				TARGETED_DEVICE_FAMILY = "1,2";
			};
			name = Release;
		};
		8438F7CA21308D6600FB930F /* Debug */ = {
			isa = XCBuildConfiguration;
			buildSettings = {
				ALWAYS_EMBED_SWIFT_STANDARD_LIBRARIES = YES;
				BUNDLE_LOADER = "$(TEST_HOST)";
				CODE_SIGN_STYLE = Automatic;
				INFOPLIST_FILE = DittytzTests/Info.plist;
				LD_RUNPATH_SEARCH_PATHS = "$(inherited) @executable_path/Frameworks @loader_path/Frameworks";
				PRODUCT_BUNDLE_IDENTIFIER = com.DittytzTests;
				PRODUCT_NAME = "$(TARGET_NAME)";
				SWIFT_VERSION = 4.0;
				TARGETED_DEVICE_FAMILY = "1,2";
				TEST_HOST = "$(BUILT_PRODUCTS_DIR)/Dittytz.app/Dittytz";
			};
			name = Debug;
		};
		8438F7CB21308D6600FB930F /* Release */ = {
			isa = XCBuildConfiguration;
			buildSettings = {
				ALWAYS_EMBED_SWIFT_STANDARD_LIBRARIES = YES;
				BUNDLE_LOADER = "$(TEST_HOST)";
				CODE_SIGN_STYLE = Automatic;
				INFOPLIST_FILE = DittytzTests/Info.plist;
				LD_RUNPATH_SEARCH_PATHS = "$(inherited) @executable_path/Frameworks @loader_path/Frameworks";
				PRODUCT_BUNDLE_IDENTIFIER = com.DittytzTests;
				PRODUCT_NAME = "$(TARGET_NAME)";
				SWIFT_VERSION = 4.0;
				TARGETED_DEVICE_FAMILY = "1,2";
				TEST_HOST = "$(BUILT_PRODUCTS_DIR)/Dittytz.app/Dittytz";
			};
			name = Release;
		};
		8438F7CD21308D6600FB930F /* Debug */ = {
			isa = XCBuildConfiguration;
			buildSettings = {
				ALWAYS_EMBED_SWIFT_STANDARD_LIBRARIES = YES;
				CODE_SIGN_STYLE = Automatic;
				INFOPLIST_FILE = DittytzUITests/Info.plist;
				LD_RUNPATH_SEARCH_PATHS = "$(inherited) @executable_path/Frameworks @loader_path/Frameworks";
				PRODUCT_BUNDLE_IDENTIFIER = com.DittytzUITests;
				PRODUCT_NAME = "$(TARGET_NAME)";
				SWIFT_VERSION = 4.0;
				TARGETED_DEVICE_FAMILY = "1,2";
				TEST_TARGET_NAME = Dittytz;
			};
			name = Debug;
		};
		8438F7CE21308D6600FB930F /* Release */ = {
			isa = XCBuildConfiguration;
			buildSettings = {
				ALWAYS_EMBED_SWIFT_STANDARD_LIBRARIES = YES;
				CODE_SIGN_STYLE = Automatic;
				INFOPLIST_FILE = DittytzUITests/Info.plist;
				LD_RUNPATH_SEARCH_PATHS = "$(inherited) @executable_path/Frameworks @loader_path/Frameworks";
				PRODUCT_BUNDLE_IDENTIFIER = com.DittytzUITests;
				PRODUCT_NAME = "$(TARGET_NAME)";
				SWIFT_VERSION = 4.0;
				TARGETED_DEVICE_FAMILY = "1,2";
				TEST_TARGET_NAME = Dittytz;
			};
			name = Release;
		};
/* End XCBuildConfiguration section */

/* Begin XCConfigurationList section */
		8438F79721308D6500FB930F /* Build configuration list for PBXProject "Dittytz" */ = {
			isa = XCConfigurationList;
			buildConfigurations = (
				8438F7C421308D6600FB930F /* Debug */,
				8438F7C521308D6600FB930F /* Release */,
			);
			defaultConfigurationIsVisible = 0;
			defaultConfigurationName = Release;
		};
		8438F7C621308D6600FB930F /* Build configuration list for PBXNativeTarget "Dittytz" */ = {
			isa = XCConfigurationList;
			buildConfigurations = (
				8438F7C721308D6600FB930F /* Debug */,
				8438F7C821308D6600FB930F /* Release */,
			);
			defaultConfigurationIsVisible = 0;
			defaultConfigurationName = Release;
		};
		8438F7C921308D6600FB930F /* Build configuration list for PBXNativeTarget "DittytzTests" */ = {
			isa = XCConfigurationList;
			buildConfigurations = (
				8438F7CA21308D6600FB930F /* Debug */,
				8438F7CB21308D6600FB930F /* Release */,
			);
			defaultConfigurationIsVisible = 0;
			defaultConfigurationName = Release;
		};
		8438F7CC21308D6600FB930F /* Build configuration list for PBXNativeTarget "DittytzUITests" */ = {
			isa = XCConfigurationList;
			buildConfigurations = (
				8438F7CD21308D6600FB930F /* Debug */,
				8438F7CE21308D6600FB930F /* Release */,
			);
			defaultConfigurationIsVisible = 0;
			defaultConfigurationName = Release;
		};
/* End XCConfigurationList section */
	};
	rootObject = 8438F79421308D6500FB930F /* Project object */;
}
